{
  "name": "roleden-component",
  "version": "1.4.3",
  "lockfileVersion": 1,
  "requires": true,
  "dependencies": {
    "hammerjs": {
      "version": "2.0.8",
      "resolved": "https://registry.npmjs.org/hammerjs/-/hammerjs-2.0.8.tgz",
      "integrity": "sha1-BO93hiz/K7edMPdpIJWTAiK/YPE="
    },
    "howler": {
      "version": "2.1.1",
      "resolved": "https://registry.npmjs.org/howler/-/howler-2.1.1.tgz",
      "integrity": "sha512-9nwyDCGxhAGMmNXDfMLv0M/uS/WUg2//jG6t96D8DqbbsVZgXQzsP/ZMItbWO/Fqg7Gg69kOv3xVSDzJdd7aqA=="
    }
  }
}
